
Microsoft Visual Studio Solution File, Format Version 12.00
# Visual Studio Version 17
VisualStudioVersion = 17.10.34818.151
MinimumVisualStudioVersion = 10.0.40219.1
Project("{FAE04EC0-301F-11D3-BF4B-00C04F79EFBC}") = "GestionAsistente.BlazorUI", "GestionAsistente.BlazorUI\GestionAsistente.BlazorUI.csproj", "{D3A395E6-BC01-4AEA-BBBD-402D992D3E8A}"
	ProjectSection(ProjectDependencies) = postProject
		{22C27BF6-0AE7-4BB5-AB4C-1B07535930CB} = {22C27BF6-0AE7-4BB5-AB4C-1B07535930CB}
		{8F498629-85B6-4734-94C3-81FBA90CD022} = {8F498629-85B6-4734-94C3-81FBA90CD022}
	EndProjectSection
EndProject
Project("{FAE04EC0-301F-11D3-BF4B-00C04F79EFBC}") = "GestionAsistente.AccesoDatos", "GestionAsistente.AccesoDatos\GestionAsistente.AccesoDatos.csproj", "{81FC9A4A-7A3B-4FFE-8934-EA53EC2453F8}"
	ProjectSection(ProjectDependencies) = postProject
		{22C27BF6-0AE7-4BB5-AB4C-1B07535930CB} = {22C27BF6-0AE7-4BB5-AB4C-1B07535930CB}
	EndProjectSection
EndProject
Project("{FAE04EC0-301F-11D3-BF4B-00C04F79EFBC}") = "GestionAsistente.ReglasNegocio", "GestionAsistente.ReglasNegocio\GestionAsistente.ReglasNegocio.csproj", "{8F498629-85B6-4734-94C3-81FBA90CD022}"
	ProjectSection(ProjectDependencies) = postProject
		{22C27BF6-0AE7-4BB5-AB4C-1B07535930CB} = {22C27BF6-0AE7-4BB5-AB4C-1B07535930CB}
		{81FC9A4A-7A3B-4FFE-8934-EA53EC2453F8} = {81FC9A4A-7A3B-4FFE-8934-EA53EC2453F8}
	EndProjectSection
EndProject
Project("{FAE04EC0-301F-11D3-BF4B-00C04F79EFBC}") = "GestionAsistente.Entidades", "GestionAsistente.Entidades\GestionAsistente.Entidades.csproj", "{22C27BF6-0AE7-4BB5-AB4C-1B07535930CB}"
EndProject
Global
	GlobalSection(SolutionConfigurationPlatforms) = preSolution
		Debug|Any CPU = Debug|Any CPU
		Release|Any CPU = Release|Any CPU
	EndGlobalSection
	GlobalSection(ProjectConfigurationPlatforms) = postSolution
		{D3A395E6-BC01-4AEA-BBBD-402D992D3E8A}.Debug|Any CPU.ActiveCfg = Debug|Any CPU
		{D3A395E6-BC01-4AEA-BBBD-402D992D3E8A}.Debug|Any CPU.Build.0 = Debug|Any CPU
		{D3A395E6-BC01-4AEA-BBBD-402D992D3E8A}.Release|Any CPU.ActiveCfg = Release|Any CPU
		{D3A395E6-BC01-4AEA-BBBD-402D992D3E8A}.Release|Any CPU.Build.0 = Release|Any CPU
		{81FC9A4A-7A3B-4FFE-8934-EA53EC2453F8}.Debug|Any CPU.ActiveCfg = Debug|Any CPU
		{81FC9A4A-7A3B-4FFE-8934-EA53EC2453F8}.Debug|Any CPU.Build.0 = Debug|Any CPU
		{81FC9A4A-7A3B-4FFE-8934-EA53EC2453F8}.Release|Any CPU.ActiveCfg = Release|Any CPU
		{81FC9A4A-7A3B-4FFE-8934-EA53EC2453F8}.Release|Any CPU.Build.0 = Release|Any CPU
		{8F498629-85B6-4734-94C3-81FBA90CD022}.Debug|Any CPU.ActiveCfg = Debug|Any CPU
		{8F498629-85B6-4734-94C3-81FBA90CD022}.Debug|Any CPU.Build.0 = Debug|Any CPU
		{8F498629-85B6-4734-94C3-81FBA90CD022}.Release|Any CPU.ActiveCfg = Release|Any CPU
		{8F498629-85B6-4734-94C3-81FBA90CD022}.Release|Any CPU.Build.0 = Release|Any CPU
		{22C27BF6-0AE7-4BB5-AB4C-1B07535930CB}.Debug|Any CPU.ActiveCfg = Debug|Any CPU
		{22C27BF6-0AE7-4BB5-AB4C-1B07535930CB}.Debug|Any CPU.Build.0 = Debug|Any CPU
		{22C27BF6-0AE7-4BB5-AB4C-1B07535930CB}.Release|Any CPU.ActiveCfg = Release|Any CPU
		{22C27BF6-0AE7-4BB5-AB4C-1B07535930CB}.Release|Any CPU.Build.0 = Release|Any CPU
	EndGlobalSection
	GlobalSection(SolutionProperties) = preSolution
		HideSolutionNode = FALSE
	EndGlobalSection
	GlobalSection(ExtensibilityGlobals) = postSolution
		SolutionGuid = {A9566D75-ECBB-4334-8695-B2F0DA627154}
	EndGlobalSection
EndGlobal
