
Microsoft Visual Studio Solution File, Format Version 12.00
# Visual Studio Version 17
VisualStudioVersion = 17.10.34818.151
MinimumVisualStudioVersion = 10.0.40219.1
Project("{9A19103F-16F7-4668-BE54-9A1E7A4F7556}") = "GestionAsistentes.BlazorUI", "GestionAsistentes.BlazorUI\GestionAsistentes.BlazorUI.csproj", "{FC221CA2-28A2-444E-BC8D-6350A026FC0C}"
	ProjectSection(ProjectDependencies) = postProject
		{ABF915A2-2C2E-44F5-9F31-B82A709C7671} = {ABF915A2-2C2E-44F5-9F31-B82A709C7671}
		{F370CBF3-D7F8-4B35-B312-5D2B8E9A2AD8} = {F370CBF3-D7F8-4B35-B312-5D2B8E9A2AD8}
	EndProjectSection
EndProject
Project("{9A19103F-16F7-4668-BE54-9A1E7A4F7556}") = "GestionAsistentes.AccesoDatos", "GestionAsistentes.AccesoDatos\GestionAsistentes.AccesoDatos.csproj", "{F370CBF3-D7F8-4B35-B312-5D2B8E9A2AD8}"
	ProjectSection(ProjectDependencies) = postProject
		{D4BC767D-C50A-400D-A402-89B02E7B77CE} = {D4BC767D-C50A-400D-A402-89B02E7B77CE}
	EndProjectSection
EndProject
Project("{9A19103F-16F7-4668-BE54-9A1E7A4F7556}") = "GestionAsistentes.Entidades", "GestionAsistentes.Entidades\GestionAsistentes.Entidades.csproj", "{D4BC767D-C50A-400D-A402-89B02E7B77CE}"
EndProject
Project("{9A19103F-16F7-4668-BE54-9A1E7A4F7556}") = "GestionAsistentes.ReglasNegocio", "GestionAsistentes.ReglasNegocio\GestionAsistentes.ReglasNegocio.csproj", "{ABF915A2-2C2E-44F5-9F31-B82A709C7671}"
	ProjectSection(ProjectDependencies) = postProject
		{D4BC767D-C50A-400D-A402-89B02E7B77CE} = {D4BC767D-C50A-400D-A402-89B02E7B77CE}
		{F370CBF3-D7F8-4B35-B312-5D2B8E9A2AD8} = {F370CBF3-D7F8-4B35-B312-5D2B8E9A2AD8}
	EndProjectSection
EndProject
Global
	GlobalSection(SolutionConfigurationPlatforms) = preSolution
		Debug|Any CPU = Debug|Any CPU
		Release|Any CPU = Release|Any CPU
	EndGlobalSection
	GlobalSection(ProjectConfigurationPlatforms) = postSolution
		{FC221CA2-28A2-444E-BC8D-6350A026FC0C}.Debug|Any CPU.ActiveCfg = Debug|Any CPU
		{FC221CA2-28A2-444E-BC8D-6350A026FC0C}.Debug|Any CPU.Build.0 = Debug|Any CPU
		{FC221CA2-28A2-444E-BC8D-6350A026FC0C}.Release|Any CPU.ActiveCfg = Release|Any CPU
		{FC221CA2-28A2-444E-BC8D-6350A026FC0C}.Release|Any CPU.Build.0 = Release|Any CPU
		{F370CBF3-D7F8-4B35-B312-5D2B8E9A2AD8}.Debug|Any CPU.ActiveCfg = Debug|Any CPU
		{F370CBF3-D7F8-4B35-B312-5D2B8E9A2AD8}.Debug|Any CPU.Build.0 = Debug|Any CPU
		{F370CBF3-D7F8-4B35-B312-5D2B8E9A2AD8}.Release|Any CPU.ActiveCfg = Release|Any CPU
		{F370CBF3-D7F8-4B35-B312-5D2B8E9A2AD8}.Release|Any CPU.Build.0 = Release|Any CPU
		{D4BC767D-C50A-400D-A402-89B02E7B77CE}.Debug|Any CPU.ActiveCfg = Debug|Any CPU
		{D4BC767D-C50A-400D-A402-89B02E7B77CE}.Debug|Any CPU.Build.0 = Debug|Any CPU
		{D4BC767D-C50A-400D-A402-89B02E7B77CE}.Release|Any CPU.ActiveCfg = Release|Any CPU
		{D4BC767D-C50A-400D-A402-89B02E7B77CE}.Release|Any CPU.Build.0 = Release|Any CPU
		{ABF915A2-2C2E-44F5-9F31-B82A709C7671}.Debug|Any CPU.ActiveCfg = Debug|Any CPU
		{ABF915A2-2C2E-44F5-9F31-B82A709C7671}.Debug|Any CPU.Build.0 = Debug|Any CPU
		{ABF915A2-2C2E-44F5-9F31-B82A709C7671}.Release|Any CPU.ActiveCfg = Release|Any CPU
		{ABF915A2-2C2E-44F5-9F31-B82A709C7671}.Release|Any CPU.Build.0 = Release|Any CPU
	EndGlobalSection
	GlobalSection(SolutionProperties) = preSolution
		HideSolutionNode = FALSE
	EndGlobalSection
	GlobalSection(ExtensibilityGlobals) = postSolution
		SolutionGuid = {A6745FC8-690C-4E51-8454-6AE393E93298}
	EndGlobalSection
EndGlobal
